// !$*UTF8*$!
{
	archiveVersion = 1;
	classes = {
	};
	objectVersion = 50;
	objects = {

/* Begin PBXBuildFile section */
		87CE2BF82255CAFC00C11E8F /* AppDelegate.swift in Sources */ = {isa = PBXBuildFile; fileRef = 87CE2BF72255CAFC00C11E8F /* AppDelegate.swift */; };
		87CE2BFA2255CAFC00C11E8F /* ViewController.swift in Sources */ = {isa = PBXBuildFile; fileRef = 87CE2BF92255CAFC00C11E8F /* ViewController.swift */; };
		87CE2BFD2255CAFC00C11E8F /* Main.storyboard in Resources */ = {isa = PBXBuildFile; fileRef = 87CE2BFB2255CAFC00C11E8F /* Main.storyboard */; };
		87CE2BFF2255CAFE00C11E8F /* Assets.xcassets in Resources */ = {isa = PBXBuildFile; fileRef = 87CE2BFE2255CAFE00C11E8F /* Assets.xcassets */; };
		87CE2C022255CAFE00C11E8F /* LaunchScreen.storyboard in Resources */ = {isa = PBXBuildFile; fileRef = 87CE2C002255CAFE00C11E8F /* LaunchScreen.storyboard */; };
		87CE2C0D2255CAFE00C11E8F /* KungFuChessTests.swift in Sources */ = {isa = PBXBuildFile; fileRef = 87CE2C0C2255CAFE00C11E8F /* KungFuChessTests.swift */; };
		87CE2C182255CAFF00C11E8F /* KungFuChessUITests.swift in Sources */ = {isa = PBXBuildFile; fileRef = 87CE2C172255CAFF00C11E8F /* KungFuChessUITests.swift */; };
/* End PBXBuildFile section */

/* Begin PBXContainerItemProxy section */
		87CE2C092255CAFE00C11E8F /* PBXContainerItemProxy */ = {
			isa = PBXContainerItemProxy;
			containerPortal = 87CE2BEC2255CAFC00C11E8F /* Project object */;
			proxyType = 1;
			remoteGlobalIDString = 87CE2BF32255CAFC00C11E8F;
			remoteInfo = KungFuChess;
		};
		87CE2C142255CAFF00C11E8F /* PBXContainerItemProxy */ = {
			isa = PBXContainerItemProxy;
			containerPortal = 87CE2BEC2255CAFC00C11E8F /* Project object */;
			proxyType = 1;
			remoteGlobalIDString = 87CE2BF32255CAFC00C11E8F;
			remoteInfo = KungFuChess;
		};
/* End PBXContainerItemProxy section */

/* Begin PBXFileReference section */
		87CE2BF42255CAFC00C11E8F /* KungFuChess.app */ = {isa = PBXFileReference; explicitFileType = wrapper.application; includeInIndex = 0; path = KungFuChess.app; sourceTree = BUILT_PRODUCTS_DIR; };
		87CE2BF72255CAFC00C11E8F /* AppDelegate.swift */ = {isa = PBXFileReference; lastKnownFileType = sourcecode.swift; path = AppDelegate.swift; sourceTree = "<group>"; };
		87CE2BF92255CAFC00C11E8F /* ViewController.swift */ = {isa = PBXFileReference; lastKnownFileType = sourcecode.swift; path = ViewController.swift; sourceTree = "<group>"; };
		87CE2BFC2255CAFC00C11E8F /* Base */ = {isa = PBXFileReference; lastKnownFileType = file.storyboard; name = Base; path = Base.lproj/Main.storyboard; sourceTree = "<group>"; };
		87CE2BFE2255CAFE00C11E8F /* Assets.xcassets */ = {isa = PBXFileReference; lastKnownFileType = folder.assetcatalog; path = Assets.xcassets; sourceTree = "<group>"; };
		87CE2C012255CAFE00C11E8F /* Base */ = {isa = PBXFileReference; lastKnownFileType = file.storyboard; name = Base; path = Base.lproj/LaunchScreen.storyboard; sourceTree = "<group>"; };
		87CE2C032255CAFE00C11E8F /* Info.plist */ = {isa = PBXFileReference; lastKnownFileType = text.plist.xml; path = Info.plist; sourceTree = "<group>"; };
		87CE2C082255CAFE00C11E8F /* KungFuChessTests.xctest */ = {isa = PBXFileReference; explicitFileType = wrapper.cfbundle; includeInIndex = 0; path = KungFuChessTests.xctest; sourceTree = BUILT_PRODUCTS_DIR; };
		87CE2C0C2255CAFE00C11E8F /* KungFuChessTests.swift */ = {isa = PBXFileReference; lastKnownFileType = sourcecode.swift; path = KungFuChessTests.swift; sourceTree = "<group>"; };
		87CE2C0E2255CAFE00C11E8F /* Info.plist */ = {isa = PBXFileReference; lastKnownFileType = text.plist.xml; path = Info.plist; sourceTree = "<group>"; };
		87CE2C132255CAFF00C11E8F /* KungFuChessUITests.xctest */ = {isa = PBXFileReference; explicitFileType = wrapper.cfbundle; includeInIndex = 0; path = KungFuChessUITests.xctest; sourceTree = BUILT_PRODUCTS_DIR; };
		87CE2C172255CAFF00C11E8F /* KungFuChessUITests.swift */ = {isa = PBXFileReference; lastKnownFileType = sourcecode.swift; path = KungFuChessUITests.swift; sourceTree = "<group>"; };
		87CE2C192255CAFF00C11E8F /* Info.plist */ = {isa = PBXFileReference; lastKnownFileType = text.plist.xml; path = Info.plist; sourceTree = "<group>"; };
/* End PBXFileReference section */

/* Begin PBXFrameworksBuildPhase section */
		87CE2BF12255CAFC00C11E8F /* Frameworks */ = {
			isa = PBXFrameworksBuildPhase;
			buildActionMask = 2147483647;
			files = (
			);
			runOnlyForDeploymentPostprocessing = 0;
		};
		87CE2C052255CAFE00C11E8F /* Frameworks */ = {
			isa = PBXFrameworksBuildPhase;
			buildActionMask = 2147483647;
			files = (
			);
			runOnlyForDeploymentPostprocessing = 0;
		};
		87CE2C102255CAFF00C11E8F /* Frameworks */ = {
			isa = PBXFrameworksBuildPhase;
			buildActionMask = 2147483647;
			files = (
			);
			runOnlyForDeploymentPostprocessing = 0;
		};
/* End PBXFrameworksBuildPhase section */

/* Begin PBXGroup section */
		87CE2BEB2255CAFC00C11E8F = {
			isa = PBXGroup;
			children = (
				87CE2BF62255CAFC00C11E8F /* KungFuChess */,
				87CE2C0B2255CAFE00C11E8F /* KungFuChessTests */,
				87CE2C162255CAFF00C11E8F /* KungFuChessUITests */,
				87CE2BF52255CAFC00C11E8F /* Products */,
			);
			sourceTree = "<group>";
		};
		87CE2BF52255CAFC00C11E8F /* Products */ = {
			isa = PBXGroup;
			children = (
				87CE2BF42255CAFC00C11E8F /* KungFuChess.app */,
				87CE2C082255CAFE00C11E8F /* KungFuChessTests.xctest */,
				87CE2C132255CAFF00C11E8F /* KungFuChessUITests.xctest */,
			);
			name = Products;
			sourceTree = "<group>";
		};
		87CE2BF62255CAFC00C11E8F /* KungFuChess */ = {
			isa = PBXGroup;
			children = (
				87CE2BF72255CAFC00C11E8F /* AppDelegate.swift */,
				87CE2BF92255CAFC00C11E8F /* ViewController.swift */,
				87CE2BFB2255CAFC00C11E8F /* Main.storyboard */,
				87CE2BFE2255CAFE00C11E8F /* Assets.xcassets */,
				87CE2C002255CAFE00C11E8F /* LaunchScreen.storyboard */,
				87CE2C032255CAFE00C11E8F /* Info.plist */,
			);
			path = KungFuChess;
			sourceTree = "<group>";
		};
		87CE2C0B2255CAFE00C11E8F /* KungFuChessTests */ = {
			isa = PBXGroup;
			children = (
				87CE2C0C2255CAFE00C11E8F /* KungFuChessTests.swift */,
				87CE2C0E2255CAFE00C11E8F /* Info.plist */,
			);
			path = KungFuChessTests;
			sourceTree = "<group>";
		};
		87CE2C162255CAFF00C11E8F /* KungFuChessUITests */ = {
			isa = PBXGroup;
			children = (
				87CE2C172255CAFF00C11E8F /* KungFuChessUITests.swift */,
				87CE2C192255CAFF00C11E8F /* Info.plist */,
			);
			path = KungFuChessUITests;
			sourceTree = "<group>";
		};
/* End PBXGroup section */

/* Begin PBXNativeTarget section */
		87CE2BF32255CAFC00C11E8F /* KungFuChess */ = {
			isa = PBXNativeTarget;
			buildConfigurationList = 87CE2C1C2255CAFF00C11E8F /* Build configuration list for PBXNativeTarget "KungFuChess" */;
			buildPhases = (
				87CE2BF02255CAFC00C11E8F /* Sources */,
				87CE2BF12255CAFC00C11E8F /* Frameworks */,
				87CE2BF22255CAFC00C11E8F /* Resources */,
			);
			buildRules = (
			);
			dependencies = (
			);
			name = KungFuChess;
			productName = KungFuChess;
			productReference = 87CE2BF42255CAFC00C11E8F /* KungFuChess.app */;
			productType = "com.apple.product-type.application";
		};
		87CE2C072255CAFE00C11E8F /* KungFuChessTests */ = {
			isa = PBXNativeTarget;
			buildConfigurationList = 87CE2C1F2255CAFF00C11E8F /* Build configuration list for PBXNativeTarget "KungFuChessTests" */;
			buildPhases = (
				87CE2C042255CAFE00C11E8F /* Sources */,
				87CE2C052255CAFE00C11E8F /* Frameworks */,
				87CE2C062255CAFE00C11E8F /* Resources */,
			);
			buildRules = (
			);
			dependencies = (
				87CE2C0A2255CAFE00C11E8F /* PBXTargetDependency */,
			);
			name = KungFuChessTests;
			productName = KungFuChessTests;
			productReference = 87CE2C082255CAFE00C11E8F /* KungFuChessTests.xctest */;
			productType = "com.apple.product-type.bundle.unit-test";
		};
		87CE2C122255CAFF00C11E8F /* KungFuChessUITests */ = {
			isa = PBXNativeTarget;
			buildConfigurationList = 87CE2C222255CAFF00C11E8F /* Build configuration list for PBXNativeTarget "KungFuChessUITests" */;
			buildPhases = (
				87CE2C0F2255CAFF00C11E8F /* Sources */,
				87CE2C102255CAFF00C11E8F /* Frameworks */,
				87CE2C112255CAFF00C11E8F /* Resources */,
			);
			buildRules = (
			);
			dependencies = (
				87CE2C152255CAFF00C11E8F /* PBXTargetDependency */,
			);
			name = KungFuChessUITests;
			productName = KungFuChessUITests;
			productReference = 87CE2C132255CAFF00C11E8F /* KungFuChessUITests.xctest */;
			productType = "com.apple.product-type.bundle.ui-testing";
		};
/* End PBXNativeTarget section */

/* Begin PBXProject section */
		87CE2BEC2255CAFC00C11E8F /* Project object */ = {
			isa = PBXProject;
			attributes = {
				LastSwiftUpdateCheck = 1010;
				LastUpgradeCheck = 1010;
				TargetAttributes = {
					87CE2BF32255CAFC00C11E8F = {
						CreatedOnToolsVersion = 10.1;
					};
					87CE2C072255CAFE00C11E8F = {
						CreatedOnToolsVersion = 10.1;
						TestTargetID = 87CE2BF32255CAFC00C11E8F;
					};
					87CE2C122255CAFF00C11E8F = {
						CreatedOnToolsVersion = 10.1;
						TestTargetID = 87CE2BF32255CAFC00C11E8F;
					};
				};
			};
			buildConfigurationList = 87CE2BEF2255CAFC00C11E8F /* Build configuration list for PBXProject "KungFuChess" */;
			compatibilityVersion = "Xcode 9.3";
			developmentRegion = en;
			hasScannedForEncodings = 0;
			knownRegions = (
				en,
				Base,
			);
			mainGroup = 87CE2BEB2255CAFC00C11E8F;
			productRefGroup = 87CE2BF52255CAFC00C11E8F /* Products */;
			projectDirPath = "";
			projectRoot = "";
			targets = (
				87CE2BF32255CAFC00C11E8F /* KungFuChess */,
				87CE2C072255CAFE00C11E8F /* KungFuChessTests */,
				87CE2C122255CAFF00C11E8F /* KungFuChessUITests */,
			);
		};
/* End PBXProject section */

/* Begin PBXResourcesBuildPhase section */
		87CE2BF22255CAFC00C11E8F /* Resources */ = {
			isa = PBXResourcesBuildPhase;
			buildActionMask = 2147483647;
			files = (
				87CE2C022255CAFE00C11E8F /* LaunchScreen.storyboard in Resources */,
				87CE2BFF2255CAFE00C11E8F /* Assets.xcassets in Resources */,
				87CE2BFD2255CAFC00C11E8F /* Main.storyboard in Resources */,
			);
			runOnlyForDeploymentPostprocessing = 0;
		};
		87CE2C062255CAFE00C11E8F /* Resources */ = {
			isa = PBXResourcesBuildPhase;
			buildActionMask = 2147483647;
			files = (
			);
			runOnlyForDeploymentPostprocessing = 0;
		};
		87CE2C112255CAFF00C11E8F /* Resources */ = {
			isa = PBXResourcesBuildPhase;
			buildActionMask = 2147483647;
			files = (
			);
			runOnlyForDeploymentPostprocessing = 0;
		};
/* End PBXResourcesBuildPhase section */

/* Begin PBXSourcesBuildPhase section */
		87CE2BF02255CAFC00C11E8F /* Sources */ = {
			isa = PBXSourcesBuildPhase;
			buildActionMask = 2147483647;
			files = (
				87CE2BFA2255CAFC00C11E8F /* ViewController.swift in Sources */,
				87CE2BF82255CAFC00C11E8F /* AppDelegate.swift in Sources */,
			);
			runOnlyForDeploymentPostprocessing = 0;
		};
		87CE2C042255CAFE00C11E8F /* Sources */ = {
			isa = PBXSourcesBuildPhase;
			buildActionMask = 2147483647;
			files = (
				87CE2C0D2255CAFE00C11E8F /* KungFuChessTests.swift in Sources */,
			);
			runOnlyForDeploymentPostprocessing = 0;
		};
		87CE2C0F2255CAFF00C11E8F /* Sources */ = {
			isa = PBXSourcesBuildPhase;
			buildActionMask = 2147483647;
			files = (
				87CE2C182255CAFF00C11E8F /* KungFuChessUITests.swift in Sources */,
			);
			runOnlyForDeploymentPostprocessing = 0;
		};
/* End PBXSourcesBuildPhase section */

/* Begin PBXTargetDependency section */
		87CE2C0A2255CAFE00C11E8F /* PBXTargetDependency */ = {
			isa = PBXTargetDependency;
			target = 87CE2BF32255CAFC00C11E8F /* KungFuChess */;
			targetProxy = 87CE2C092255CAFE00C11E8F /* PBXContainerItemProxy */;
		};
		87CE2C152255CAFF00C11E8F /* PBXTargetDependency */ = {
			isa = PBXTargetDependency;
			target = 87CE2BF32255CAFC00C11E8F /* KungFuChess */;
			targetProxy = 87CE2C142255CAFF00C11E8F /* PBXContainerItemProxy */;
		};
/* End PBXTargetDependency section */

/* Begin PBXVariantGroup section */
		87CE2BFB2255CAFC00C11E8F /* Main.storyboard */ = {
			isa = PBXVariantGroup;
			children = (
				87CE2BFC2255CAFC00C11E8F /* Base */,
			);
			name = Main.storyboard;
			sourceTree = "<group>";
		};
		87CE2C002255CAFE00C11E8F /* LaunchScreen.storyboard */ = {
			isa = PBXVariantGroup;
			children = (
				87CE2C012255CAFE00C11E8F /* Base */,
			);
			name = LaunchScreen.storyboard;
			sourceTree = "<group>";
		};
/* End PBXVariantGroup section */

/* Begin XCBuildConfiguration section */
		87CE2C1A2255CAFF00C11E8F /* Debug */ = {
			isa = XCBuildConfiguration;
			buildSettings = {
				ALWAYS_SEARCH_USER_PATHS = NO;
				CLANG_ANALYZER_NONNULL = YES;
				CLANG_ANALYZER_NUMBER_OBJECT_CONVERSION = YES_AGGRESSIVE;
				CLANG_CXX_LANGUAGE_STANDARD = "gnu++14";
				CLANG_CXX_LIBRARY = "libc++";
				CLANG_ENABLE_MODULES = YES;
				CLANG_ENABLE_OBJC_ARC = YES;
				CLANG_ENABLE_OBJC_WEAK = YES;
				CLANG_WARN_BLOCK_CAPTURE_AUTORELEASING = YES;
				CLANG_WARN_BOOL_CONVERSION = YES;
				CLANG_WARN_COMMA = YES;
				CLANG_WARN_CONSTANT_CONVERSION = YES;
				CLANG_WARN_DEPRECATED_OBJC_IMPLEMENTATIONS = YES;
				CLANG_WARN_DIRECT_OBJC_ISA_USAGE = YES_ERROR;
				CLANG_WARN_DOCUMENTATION_COMMENTS = YES;
				CLANG_WARN_EMPTY_BODY = YES;
				CLANG_WARN_ENUM_CONVERSION = YES;
				CLANG_WARN_INFINITE_RECURSION = YES;
				CLANG_WARN_INT_CONVERSION = YES;
				CLANG_WARN_NON_LITERAL_NULL_CONVERSION = YES;
				CLANG_WARN_OBJC_IMPLICIT_RETAIN_SELF = YES;
				CLANG_WARN_OBJC_LITERAL_CONVERSION = YES;
				CLANG_WARN_OBJC_ROOT_CLASS = YES_ERROR;
				CLANG_WARN_RANGE_LOOP_ANALYSIS = YES;
				CLANG_WARN_STRICT_PROTOTYPES = YES;
				CLANG_WARN_SUSPICIOUS_MOVE = YES;
				CLANG_WARN_UNGUARDED_AVAILABILITY = YES_AGGRESSIVE;
				CLANG_WARN_UNREACHABLE_CODE = YES;
				CLANG_WARN__DUPLICATE_METHOD_MATCH = YES;
				CODE_SIGN_IDENTITY = "iPhone Developer";
				COPY_PHASE_STRIP = NO;
				DEBUG_INFORMATION_FORMAT = dwarf;
				ENABLE_STRICT_OBJC_MSGSEND = YES;
				ENABLE_TESTABILITY = YES;
				GCC_C_LANGUAGE_STANDARD = gnu11;
				GCC_DYNAMIC_NO_PIC = NO;
				GCC_NO_COMMON_BLOCKS = YES;
				GCC_OPTIMIZATION_LEVEL = 0;
				GCC_PREPROCESSOR_DEFINITIONS = (
					"DEBUG=1",
					"$(inherited)",
				);
				GCC_WARN_64_TO_32_BIT_CONVERSION = YES;
				GCC_WARN_ABOUT_RETURN_TYPE = YES_ERROR;
				GCC_WARN_UNDECLARED_SELECTOR = YES;
				GCC_WARN_UNINITIALIZED_AUTOS = YES_AGGRESSIVE;
				GCC_WARN_UNUSED_FUNCTION = YES;
				GCC_WARN_UNUSED_VARIABLE = YES;
				IPHONEOS_DEPLOYMENT_TARGET = 12.1;
				MTL_ENABLE_DEBUG_INFO = INCLUDE_SOURCE;
				MTL_FAST_MATH = YES;
				ONLY_ACTIVE_ARCH = YES;
				SDKROOT = iphoneos;
				SWIFT_ACTIVE_COMPILATION_CONDITIONS = DEBUG;
				SWIFT_OPTIMIZATION_LEVEL = "-Onone";
			};
			name = Debug;
		};
		87CE2C1B2255CAFF00C11E8F /* Release */ = {
			isa = XCBuildConfiguration;
			buildSettings = {
				ALWAYS_SEARCH_USER_PATHS = NO;
				CLANG_ANALYZER_NONNULL = YES;
				CLANG_ANALYZER_NUMBER_OBJECT_CONVERSION = YES_AGGRESSIVE;
				CLANG_CXX_LANGUAGE_STANDARD = "gnu++14";
				CLANG_CXX_LIBRARY = "libc++";
				CLANG_ENABLE_MODULES = YES;
				CLANG_ENABLE_OBJC_ARC = YES;
				CLANG_ENABLE_OBJC_WEAK = YES;
				CLANG_WARN_BLOCK_CAPTURE_AUTORELEASING = YES;
				CLANG_WARN_BOOL_CONVERSION = YES;
				CLANG_WARN_COMMA = YES;
				CLANG_WARN_CONSTANT_CONVERSION = YES;
				CLANG_WARN_DEPRECATED_OBJC_IMPLEMENTATIONS = YES;
				CLANG_WARN_DIRECT_OBJC_ISA_USAGE = YES_ERROR;
				CLANG_WARN_DOCUMENTATION_COMMENTS = YES;
				CLANG_WARN_EMPTY_BODY = YES;
				CLANG_WARN_ENUM_CONVERSION = YES;
				CLANG_WARN_INFINITE_RECURSION = YES;
				CLANG_WARN_INT_CONVERSION = YES;
				CLANG_WARN_NON_LITERAL_NULL_CONVERSION = YES;
				CLANG_WARN_OBJC_IMPLICIT_RETAIN_SELF = YES;
				CLANG_WARN_OBJC_LITERAL_CONVERSION = YES;
				CLANG_WARN_OBJC_ROOT_CLASS = YES_ERROR;
				CLANG_WARN_RANGE_LOOP_ANALYSIS = YES;
				CLANG_WARN_STRICT_PROTOTYPES = YES;
				CLANG_WARN_SUSPICIOUS_MOVE = YES;
				CLANG_WARN_UNGUARDED_AVAILABILITY = YES_AGGRESSIVE;
				CLANG_WARN_UNREACHABLE_CODE = YES;
				CLANG_WARN__DUPLICATE_METHOD_MATCH = YES;
				CODE_SIGN_IDENTITY = "iPhone Developer";
				COPY_PHASE_STRIP = NO;
				DEBUG_INFORMATION_FORMAT = "dwarf-with-dsym";
				ENABLE_NS_ASSERTIONS = NO;
				ENABLE_STRICT_OBJC_MSGSEND = YES;
				GCC_C_LANGUAGE_STANDARD = gnu11;
				GCC_NO_COMMON_BLOCKS = YES;
				GCC_WARN_64_TO_32_BIT_CONVERSION = YES;
				GCC_WARN_ABOUT_RETURN_TYPE = YES_ERROR;
				GCC_WARN_UNDECLARED_SELECTOR = YES;
				GCC_WARN_UNINITIALIZED_AUTOS = YES_AGGRESSIVE;
				GCC_WARN_UNUSED_FUNCTION = YES;
				GCC_WARN_UNUSED_VARIABLE = YES;
				IPHONEOS_DEPLOYMENT_TARGET = 12.1;
				MTL_ENABLE_DEBUG_INFO = NO;
				MTL_FAST_MATH = YES;
				SDKROOT = iphoneos;
				SWIFT_COMPILATION_MODE = wholemodule;
				SWIFT_OPTIMIZATION_LEVEL = "-O";
				VALIDATE_PRODUCT = YES;
			};
			name = Release;
		};
		87CE2C1D2255CAFF00C11E8F /* Debug */ = {
			isa = XCBuildConfiguration;
			buildSettings = {
				ASSETCATALOG_COMPILER_APPICON_NAME = AppIcon;
				CODE_SIGN_STYLE = Automatic;
				DEVELOPMENT_TEAM = 6899LN7HDH;
				INFOPLIST_FILE = KungFuChess/Info.plist;
				LD_RUNPATH_SEARCH_PATHS = (
					"$(inherited)",
					"@executable_path/Frameworks",
				);
				PRODUCT_BUNDLE_IDENTIFIER = org.Launchpad.KungFuChess;
				PRODUCT_NAME = "$(TARGET_NAME)";
				SWIFT_VERSION = 4.2;
				TARGETED_DEVICE_FAMILY = "1,2";
			};
			name = Debug;
		};
		87CE2C1E2255CAFF00C11E8F /* Release */ = {
			isa = XCBuildConfiguration;
			buildSettings = {
				ASSETCATALOG_COMPILER_APPICON_NAME = AppIcon;
				CODE_SIGN_STYLE = Automatic;
				DEVELOPMENT_TEAM = 6899LN7HDH;
				INFOPLIST_FILE = KungFuChess/Info.plist;
				LD_RUNPATH_SEARCH_PATHS = (
					"$(inherited)",
					"@executable_path/Frameworks",
				);
				PRODUCT_BUNDLE_IDENTIFIER = org.Launchpad.KungFuChess;
				PRODUCT_NAME = "$(TARGET_NAME)";
				SWIFT_VERSION = 4.2;
				TARGETED_DEVICE_FAMILY = "1,2";
			};
			name = Release;
		};
		87CE2C202255CAFF00C11E8F /* Debug */ = {
			isa = XCBuildConfiguration;
			buildSettings = {
				ALWAYS_EMBED_SWIFT_STANDARD_LIBRARIES = YES;
				BUNDLE_LOADER = "$(TEST_HOST)";
				CODE_SIGN_STYLE = Automatic;
				DEVELOPMENT_TEAM = 6899LN7HDH;
				INFOPLIST_FILE = KungFuChessTests/Info.plist;
				LD_RUNPATH_SEARCH_PATHS = (
					"$(inherited)",
					"@executable_path/Frameworks",
					"@loader_path/Frameworks",
				);
				PRODUCT_BUNDLE_IDENTIFIER = org.Launchpad.KungFuChessTests;
				PRODUCT_NAME = "$(TARGET_NAME)";
				SWIFT_VERSION = 4.2;
				TARGETED_DEVICE_FAMILY = "1,2";
				TEST_HOST = "$(BUILT_PRODUCTS_DIR)/KungFuChess.app/KungFuChess";
			};
			name = Debug;
		};
		87CE2C212255CAFF00C11E8F /* Release */ = {
			isa = XCBuildConfiguration;
			buildSettings = {
				ALWAYS_EMBED_SWIFT_STANDARD_LIBRARIES = YES;
				BUNDLE_LOADER = "$(TEST_HOST)";
				CODE_SIGN_STYLE = Automatic;
				DEVELOPMENT_TEAM = 6899LN7HDH;
				INFOPLIST_FILE = KungFuChessTests/Info.plist;
				LD_RUNPATH_SEARCH_PATHS = (
					"$(inherited)",
					"@executable_path/Frameworks",
					"@loader_path/Frameworks",
				);
				PRODUCT_BUNDLE_IDENTIFIER = org.Launchpad.KungFuChessTests;
				PRODUCT_NAME = "$(TARGET_NAME)";
				SWIFT_VERSION = 4.2;
				TARGETED_DEVICE_FAMILY = "1,2";
				TEST_HOST = "$(BUILT_PRODUCTS_DIR)/KungFuChess.app/KungFuChess";
			};
			name = Release;
		};
		87CE2C232255CAFF00C11E8F /* Debug */ = {
			isa = XCBuildConfiguration;
			buildSettings = {
				ALWAYS_EMBED_SWIFT_STANDARD_LIBRARIES = YES;
				CODE_SIGN_STYLE = Automatic;
				DEVELOPMENT_TEAM = 6899LN7HDH;
				INFOPLIST_FILE = KungFuChessUITests/Info.plist;
				LD_RUNPATH_SEARCH_PATHS = (
					"$(inherited)",
					"@executable_path/Frameworks",
					"@loader_path/Frameworks",
				);
				PRODUCT_BUNDLE_IDENTIFIER = org.Launchpad.KungFuChessUITests;
				PRODUCT_NAME = "$(TARGET_NAME)";
				SWIFT_VERSION = 4.2;
				TARGETED_DEVICE_FAMILY = "1,2";
				TEST_TARGET_NAME = KungFuChess;
			};
			name = Debug;
		};
		87CE2C242255CAFF00C11E8F /* Release */ = {
			isa = XCBuildConfiguration;
			buildSettings = {
				ALWAYS_EMBED_SWIFT_STANDARD_LIBRARIES = YES;
				CODE_SIGN_STYLE = Automatic;
				DEVELOPMENT_TEAM = 6899LN7HDH;
				INFOPLIST_FILE = KungFuChessUITests/Info.plist;
				LD_RUNPATH_SEARCH_PATHS = (
					"$(inherited)",
					"@executable_path/Frameworks",
					"@loader_path/Frameworks",
				);
				PRODUCT_BUNDLE_IDENTIFIER = org.Launchpad.KungFuChessUITests;
				PRODUCT_NAME = "$(TARGET_NAME)";
				SWIFT_VERSION = 4.2;
				TARGETED_DEVICE_FAMILY = "1,2";
				TEST_TARGET_NAME = KungFuChess;
			};
			name = Release;
		};
/* End XCBuildConfiguration section */

/* Begin XCConfigurationList section */
		87CE2BEF2255CAFC00C11E8F /* Build configuration list for PBXProject "KungFuChess" */ = {
			isa = XCConfigurationList;
			buildConfigurations = (
				87CE2C1A2255CAFF00C11E8F /* Debug */,
				87CE2C1B2255CAFF00C11E8F /* Release */,
			);
			defaultConfigurationIsVisible = 0;
			defaultConfigurationName = Release;
		};
		87CE2C1C2255CAFF00C11E8F /* Build configuration list for PBXNativeTarget "KungFuChess" */ = {
			isa = XCConfigurationList;
			buildConfigurations = (
				87CE2C1D2255CAFF00C11E8F /* Debug */,
				87CE2C1E2255CAFF00C11E8F /* Release */,
			);
			defaultConfigurationIsVisible = 0;
			defaultConfigurationName = Release;
		};
		87CE2C1F2255CAFF00C11E8F /* Build configuration list for PBXNativeTarget "KungFuChessTests" */ = {
			isa = XCConfigurationList;
			buildConfigurations = (
				87CE2C202255CAFF00C11E8F /* Debug */,
				87CE2C212255CAFF00C11E8F /* Release */,
			);
			defaultConfigurationIsVisible = 0;
			defaultConfigurationName = Release;
		};
		87CE2C222255CAFF00C11E8F /* Build configuration list for PBXNativeTarget "KungFuChessUITests" */ = {
			isa = XCConfigurationList;
			buildConfigurations = (
				87CE2C232255CAFF00C11E8F /* Debug */,
				87CE2C242255CAFF00C11E8F /* Release */,
			);
			defaultConfigurationIsVisible = 0;
			defaultConfigurationName = Release;
		};
/* End XCConfigurationList section */
	};
	rootObject = 87CE2BEC2255CAFC00C11E8F /* Project object */;
}
